// !$*UTF8*$!
{
	archiveVersion = 1;
	classes = {
	};
	objectVersion = 48;
	objects = {

/* Begin PBXBuildFile section */
		537A7DA71A4D8C46D70C412C /* Pods_Jasy.framework in Frameworks */ = {isa = PBXBuildFile; fileRef = A6AAB26EB8D1DC345DB33ED8 /* Pods_Jasy.framework */; };
		CE17C325204A06FE00CDA9CD /* MonthYearPickerView.swift in Sources */ = {isa = PBXBuildFile; fileRef = CE17C324204A06FE00CDA9CD /* MonthYearPickerView.swift */; };
		CE6A8F5D203248C9007827A0 /* InfoViewController.swift in Sources */ = {isa = PBXBuildFile; fileRef = CE6A8F5C203248C9007827A0 /* InfoViewController.swift */; };
		E703788F202D31FE00052916 /* PictureCollectionViewCell.swift in Sources */ = {isa = PBXBuildFile; fileRef = E703788E202D31FE00052916 /* PictureCollectionViewCell.swift */; };
		E7037891202D382D00052916 /* PicturesViewController.swift in Sources */ = {isa = PBXBuildFile; fileRef = E7037890202D382D00052916 /* PicturesViewController.swift */; };
		E7037893202D397C00052916 /* CustomLayout.swift in Sources */ = {isa = PBXBuildFile; fileRef = E7037892202D397C00052916 /* CustomLayout.swift */; };
		E709DDD6202931B200760D87 /* AppDelegate.swift in Sources */ = {isa = PBXBuildFile; fileRef = E709DDD5202931B200760D87 /* AppDelegate.swift */; };
		E709DDDB202931B200760D87 /* Main.storyboard in Resources */ = {isa = PBXBuildFile; fileRef = E709DDD9202931B200760D87 /* Main.storyboard */; };
		E709DDDE202931B200760D87 /* Jasy.xcdatamodeld in Sources */ = {isa = PBXBuildFile; fileRef = E709DDDC202931B200760D87 /* Jasy.xcdatamodeld */; };
		E709DDE0202931B200760D87 /* Assets.xcassets in Resources */ = {isa = PBXBuildFile; fileRef = E709DDDF202931B200760D87 /* Assets.xcassets */; };
		E709DDE3202931B200760D87 /* LaunchScreen.storyboard in Resources */ = {isa = PBXBuildFile; fileRef = E709DDE1202931B200760D87 /* LaunchScreen.storyboard */; };
		E76ED12F202A8B2A000B65D9 /* Constants.swift in Sources */ = {isa = PBXBuildFile; fileRef = E76ED12E202A8B2A000B65D9 /* Constants.swift */; };
		E76ED131202A8C36000B65D9 /* Util.swift in Sources */ = {isa = PBXBuildFile; fileRef = E76ED130202A8C36000B65D9 /* Util.swift */; };
		E7938F73202F4BA000479224 /* NasaHandler.swift in Sources */ = {isa = PBXBuildFile; fileRef = E7938F72202F4BA000479224 /* NasaHandler.swift */; };
		E7938F75202F56EF00479224 /* ApodModel.swift in Sources */ = {isa = PBXBuildFile; fileRef = E7938F74202F56EF00479224 /* ApodModel.swift */; };
		E7938F77202F59EA00479224 /* NasaConvenience.swift in Sources */ = {isa = PBXBuildFile; fileRef = E7938F76202F59EA00479224 /* NasaConvenience.swift */; };
		E7D1B8EB2031308E00ADBB0C /* ApodDetailViewController.swift in Sources */ = {isa = PBXBuildFile; fileRef = E7D1B8EA2031308E00ADBB0C /* ApodDetailViewController.swift */; };
		E7D1B8ED203138ED00ADBB0C /* CustomViewController.swift in Sources */ = {isa = PBXBuildFile; fileRef = E7D1B8EC203138ED00ADBB0C /* CustomViewController.swift */; };
		E7DDC0432030C31A00E378C2 /* Apod+CoreDataClass.swift in Sources */ = {isa = PBXBuildFile; fileRef = E7DDC0412030C31A00E378C2 /* Apod+CoreDataClass.swift */; };
		E7DDC0442030C31A00E378C2 /* Apod+CoreDataProperties.swift in Sources */ = {isa = PBXBuildFile; fileRef = E7DDC0422030C31A00E378C2 /* Apod+CoreDataProperties.swift */; };
		E7DDC0462030CAD100E378C2 /* CoreDataStack.swift in Sources */ = {isa = PBXBuildFile; fileRef = E7DDC0452030CAD100E378C2 /* CoreDataStack.swift */; };
		E7DDC0492030DE1500E378C2 /* GoogleService-Info.plist in Resources */ = {isa = PBXBuildFile; fileRef = E7DDC0482030DE1500E378C2 /* GoogleService-Info.plist */; };
		E7F16826203264E500A9F54E /* R.generated.swift in Sources */ = {isa = PBXBuildFile; fileRef = E7F16825203264E400A9F54E /* R.generated.swift */; };
/* End PBXBuildFile section */

/* Begin PBXFileReference section */
		58D089795A27074701D7D45B /* Pods-Jasy.release.xcconfig */ = {isa = PBXFileReference; includeInIndex = 1; lastKnownFileType = text.xcconfig; name = "Pods-Jasy.release.xcconfig"; path = "Pods/Target Support Files/Pods-Jasy/Pods-Jasy.release.xcconfig"; sourceTree = "<group>"; };
		7308C59CB360F361884B84EE /* Pods-Jasy.debug.xcconfig */ = {isa = PBXFileReference; includeInIndex = 1; lastKnownFileType = text.xcconfig; name = "Pods-Jasy.debug.xcconfig"; path = "Pods/Target Support Files/Pods-Jasy/Pods-Jasy.debug.xcconfig"; sourceTree = "<group>"; };
		A6AAB26EB8D1DC345DB33ED8 /* Pods_Jasy.framework */ = {isa = PBXFileReference; explicitFileType = wrapper.framework; includeInIndex = 0; path = Pods_Jasy.framework; sourceTree = BUILT_PRODUCTS_DIR; };
		CE17C324204A06FE00CDA9CD /* MonthYearPickerView.swift */ = {isa = PBXFileReference; lastKnownFileType = sourcecode.swift; path = MonthYearPickerView.swift; sourceTree = "<group>"; };
		CE6A8F5C203248C9007827A0 /* InfoViewController.swift */ = {isa = PBXFileReference; lastKnownFileType = sourcecode.swift; path = InfoViewController.swift; sourceTree = "<group>"; };
		E703788E202D31FE00052916 /* PictureCollectionViewCell.swift */ = {isa = PBXFileReference; lastKnownFileType = sourcecode.swift; path = PictureCollectionViewCell.swift; sourceTree = "<group>"; };
		E7037890202D382D00052916 /* PicturesViewController.swift */ = {isa = PBXFileReference; lastKnownFileType = sourcecode.swift; path = PicturesViewController.swift; sourceTree = "<group>"; };
		E7037892202D397C00052916 /* CustomLayout.swift */ = {isa = PBXFileReference; fileEncoding = 4; lastKnownFileType = sourcecode.swift; path = CustomLayout.swift; sourceTree = "<group>"; };
		E709DDD2202931B200760D87 /* Jasy.app */ = {isa = PBXFileReference; explicitFileType = wrapper.application; includeInIndex = 0; path = Jasy.app; sourceTree = BUILT_PRODUCTS_DIR; };
		E709DDD5202931B200760D87 /* AppDelegate.swift */ = {isa = PBXFileReference; lastKnownFileType = sourcecode.swift; path = AppDelegate.swift; sourceTree = "<group>"; };
		E709DDDA202931B200760D87 /* Base */ = {isa = PBXFileReference; lastKnownFileType = file.storyboard; name = Base; path = Base.lproj/Main.storyboard; sourceTree = "<group>"; };
		E709DDDD202931B200760D87 /* Jasy.xcdatamodel */ = {isa = PBXFileReference; lastKnownFileType = wrapper.xcdatamodel; path = Jasy.xcdatamodel; sourceTree = "<group>"; };
		E709DDDF202931B200760D87 /* Assets.xcassets */ = {isa = PBXFileReference; lastKnownFileType = folder.assetcatalog; path = Assets.xcassets; sourceTree = "<group>"; };
		E709DDE2202931B200760D87 /* Base */ = {isa = PBXFileReference; lastKnownFileType = file.storyboard; name = Base; path = Base.lproj/LaunchScreen.storyboard; sourceTree = "<group>"; };
		E709DDE4202931B200760D87 /* Info.plist */ = {isa = PBXFileReference; lastKnownFileType = text.plist.xml; path = Info.plist; sourceTree = "<group>"; };
		E74F2FD0204AEDA400D7166D /* Jasy.entitlements */ = {isa = PBXFileReference; lastKnownFileType = text.plist.entitlements; path = Jasy.entitlements; sourceTree = "<group>"; };
		E76ED12E202A8B2A000B65D9 /* Constants.swift */ = {isa = PBXFileReference; lastKnownFileType = sourcecode.swift; path = Constants.swift; sourceTree = "<group>"; };
		E76ED130202A8C36000B65D9 /* Util.swift */ = {isa = PBXFileReference; fileEncoding = 4; lastKnownFileType = sourcecode.swift; path = Util.swift; sourceTree = "<group>"; };
		E7938F72202F4BA000479224 /* NasaHandler.swift */ = {isa = PBXFileReference; fileEncoding = 4; lastKnownFileType = sourcecode.swift; path = NasaHandler.swift; sourceTree = "<group>"; };
		E7938F74202F56EF00479224 /* ApodModel.swift */ = {isa = PBXFileReference; lastKnownFileType = sourcecode.swift; path = ApodModel.swift; sourceTree = "<group>"; };
		E7938F76202F59EA00479224 /* NasaConvenience.swift */ = {isa = PBXFileReference; lastKnownFileType = sourcecode.swift; path = NasaConvenience.swift; sourceTree = "<group>"; };
		E7D1B8EA2031308E00ADBB0C /* ApodDetailViewController.swift */ = {isa = PBXFileReference; lastKnownFileType = sourcecode.swift; path = ApodDetailViewController.swift; sourceTree = "<group>"; };
		E7D1B8EC203138ED00ADBB0C /* CustomViewController.swift */ = {isa = PBXFileReference; fileEncoding = 4; lastKnownFileType = sourcecode.swift; path = CustomViewController.swift; sourceTree = "<group>"; };
		E7DDC0412030C31A00E378C2 /* Apod+CoreDataClass.swift */ = {isa = PBXFileReference; lastKnownFileType = sourcecode.swift; path = "Apod+CoreDataClass.swift"; sourceTree = "<group>"; };
		E7DDC0422030C31A00E378C2 /* Apod+CoreDataProperties.swift */ = {isa = PBXFileReference; lastKnownFileType = sourcecode.swift; path = "Apod+CoreDataProperties.swift"; sourceTree = "<group>"; };
		E7DDC0452030CAD100E378C2 /* CoreDataStack.swift */ = {isa = PBXFileReference; fileEncoding = 4; lastKnownFileType = sourcecode.swift; path = CoreDataStack.swift; sourceTree = "<group>"; };
		E7DDC0482030DE1500E378C2 /* GoogleService-Info.plist */ = {isa = PBXFileReference; fileEncoding = 4; lastKnownFileType = text.plist.xml; path = "GoogleService-Info.plist"; sourceTree = "<group>"; };
		E7F16825203264E400A9F54E /* R.generated.swift */ = {isa = PBXFileReference; fileEncoding = 4; lastKnownFileType = sourcecode.swift; path = R.generated.swift; sourceTree = SOURCE_ROOT; };
/* End PBXFileReference section */

/* Begin PBXFrameworksBuildPhase section */
		E709DDCF202931B200760D87 /* Frameworks */ = {
			isa = PBXFrameworksBuildPhase;
			buildActionMask = 2147483647;
			files = (
				537A7DA71A4D8C46D70C412C /* Pods_Jasy.framework in Frameworks */,
			);
			runOnlyForDeploymentPostprocessing = 0;
		};
/* End PBXFrameworksBuildPhase section */

/* Begin PBXGroup section */
		2E0364C08AF0F6D98565A461 /* Pods */ = {
			isa = PBXGroup;
			children = (
				7308C59CB360F361884B84EE /* Pods-Jasy.debug.xcconfig */,
				58D089795A27074701D7D45B /* Pods-Jasy.release.xcconfig */,
			);
			name = Pods;
			sourceTree = "<group>";
		};
		E709DDC9202931B200760D87 = {
			isa = PBXGroup;
			children = (
				E709DDD4202931B200760D87 /* Jasy */,
				E709DDD3202931B200760D87 /* Products */,
				2E0364C08AF0F6D98565A461 /* Pods */,
				E72391EF83298FD589ADA965 /* Frameworks */,
			);
			sourceTree = "<group>";
		};
		E709DDD3202931B200760D87 /* Products */ = {
			isa = PBXGroup;
			children = (
				E709DDD2202931B200760D87 /* Jasy.app */,
			);
			name = Products;
			sourceTree = "<group>";
		};
		E709DDD4202931B200760D87 /* Jasy */ = {
			isa = PBXGroup;
			children = (
				E74F2FD0204AEDA400D7166D /* Jasy.entitlements */,
				E76ED135202A8D2D000B65D9 /* Supporting Files */,
				E76ED134202A8D25000B65D9 /* View */,
				E76ED133202A8D20000B65D9 /* Model */,
				E76ED132202A8D10000B65D9 /* Controller */,
				E709DDD5202931B200760D87 /* AppDelegate.swift */,
				E7F16825203264E400A9F54E /* R.generated.swift */,
				E709DDD9202931B200760D87 /* Main.storyboard */,
				E709DDE4202931B200760D87 /* Info.plist */,
				E7DDC0482030DE1500E378C2 /* GoogleService-Info.plist */,
				E709DDDC202931B200760D87 /* Jasy.xcdatamodeld */,
				E76ED12E202A8B2A000B65D9 /* Constants.swift */,
			);
			path = Jasy;
			sourceTree = "<group>";
		};
		E72391EF83298FD589ADA965 /* Frameworks */ = {
			isa = PBXGroup;
			children = (
				A6AAB26EB8D1DC345DB33ED8 /* Pods_Jasy.framework */,
			);
			name = Frameworks;
			sourceTree = "<group>";
		};
		E76ED132202A8D10000B65D9 /* Controller */ = {
			isa = PBXGroup;
			children = (
				E7037890202D382D00052916 /* PicturesViewController.swift */,
				E7D1B8EA2031308E00ADBB0C /* ApodDetailViewController.swift */,
				CE6A8F5C203248C9007827A0 /* InfoViewController.swift */,
			);
			path = Controller;
			sourceTree = "<group>";
		};
		E76ED133202A8D20000B65D9 /* Model */ = {
			isa = PBXGroup;
			children = (
				E7DDC0382030C24100E378C2 /* Storage */,
				E7938F71202F4B7500479224 /* Client */,
			);
			path = Model;
			sourceTree = "<group>";
		};
		E76ED134202A8D25000B65D9 /* View */ = {
			isa = PBXGroup;
			children = (
				E703788E202D31FE00052916 /* PictureCollectionViewCell.swift */,
			);
			path = View;
			sourceTree = "<group>";
		};
		E76ED135202A8D2D000B65D9 /* Supporting Files */ = {
			isa = PBXGroup;
			children = (
				E709DDDF202931B200760D87 /* Assets.xcassets */,
				E709DDE1202931B200760D87 /* LaunchScreen.storyboard */,
				E7037892202D397C00052916 /* CustomLayout.swift */,
				E7D1B8EC203138ED00ADBB0C /* CustomViewController.swift */,
				E76ED130202A8C36000B65D9 /* Util.swift */,
				CE17C324204A06FE00CDA9CD /* MonthYearPickerView.swift */,
			);
			path = "Supporting Files";
			sourceTree = "<group>";
		};
		E7938F71202F4B7500479224 /* Client */ = {
			isa = PBXGroup;
			children = (
				E7938F72202F4BA000479224 /* NasaHandler.swift */,
				E7938F74202F56EF00479224 /* ApodModel.swift */,
				E7938F76202F59EA00479224 /* NasaConvenience.swift */,
			);
			path = Client;
			sourceTree = "<group>";
		};
		E7DDC0382030C24100E378C2 /* Storage */ = {
			isa = PBXGroup;
			children = (
				E7DDC0452030CAD100E378C2 /* CoreDataStack.swift */,
				E7DDC0412030C31A00E378C2 /* Apod+CoreDataClass.swift */,
				E7DDC0422030C31A00E378C2 /* Apod+CoreDataProperties.swift */,
			);
			path = Storage;
			sourceTree = "<group>";
		};
/* End PBXGroup section */

/* Begin PBXNativeTarget section */
		E709DDD1202931B200760D87 /* Jasy */ = {
			isa = PBXNativeTarget;
			buildConfigurationList = E709DDE7202931B200760D87 /* Build configuration list for PBXNativeTarget "Jasy" */;
			buildPhases = (
				74E77302B7E74E1A27902016 /* [CP] Check Pods Manifest.lock */,
				CE6A8F5E20324A9D007827A0 /* ShellScript */,
				E709DDCE202931B200760D87 /* Sources */,
				E709DDCF202931B200760D87 /* Frameworks */,
				E709DDD0202931B200760D87 /* Resources */,
				E7DDC0472030D23600E378C2 /* ShellScript */,
				129E9731D403ADDDC4A8378E /* [CP] Embed Pods Frameworks */,
				18AE9A5DCEE4A2A7AA6E3D8C /* [CP] Copy Pods Resources */,
			);
			buildRules = (
			);
			dependencies = (
			);
			name = Jasy;
			productName = Jasy;
			productReference = E709DDD2202931B200760D87 /* Jasy.app */;
			productType = "com.apple.product-type.application";
		};
/* End PBXNativeTarget section */

/* Begin PBXProject section */
		E709DDCA202931B200760D87 /* Project object */ = {
			isa = PBXProject;
			attributes = {
				LastSwiftUpdateCheck = 0920;
				LastUpgradeCheck = 0920;
				ORGANIZATIONNAME = "Vladimir Espinola";
				TargetAttributes = {
					E709DDD1202931B200760D87 = {
						CreatedOnToolsVersion = 9.2;
						ProvisioningStyle = Manual;
						SystemCapabilities = {
							com.apple.Push = {
								enabled = 0;
							};
						};
					};
				};
			};
			buildConfigurationList = E709DDCD202931B200760D87 /* Build configuration list for PBXProject "Jasy" */;
			compatibilityVersion = "Xcode 8.0";
			developmentRegion = en;
			hasScannedForEncodings = 0;
			knownRegions = (
				en,
				Base,
			);
			mainGroup = E709DDC9202931B200760D87;
			productRefGroup = E709DDD3202931B200760D87 /* Products */;
			projectDirPath = "";
			projectRoot = "";
			targets = (
				E709DDD1202931B200760D87 /* Jasy */,
			);
		};
/* End PBXProject section */

/* Begin PBXResourcesBuildPhase section */
		E709DDD0202931B200760D87 /* Resources */ = {
			isa = PBXResourcesBuildPhase;
			buildActionMask = 2147483647;
			files = (
				E709DDE3202931B200760D87 /* LaunchScreen.storyboard in Resources */,
				E7DDC0492030DE1500E378C2 /* GoogleService-Info.plist in Resources */,
				E709DDE0202931B200760D87 /* Assets.xcassets in Resources */,
				E709DDDB202931B200760D87 /* Main.storyboard in Resources */,
			);
			runOnlyForDeploymentPostprocessing = 0;
		};
/* End PBXResourcesBuildPhase section */

/* Begin PBXShellScriptBuildPhase section */
		129E9731D403ADDDC4A8378E /* [CP] Embed Pods Frameworks */ = {
			isa = PBXShellScriptBuildPhase;
			buildActionMask = 2147483647;
			files = (
			);
			inputPaths = (
				"${SRCROOT}/Pods/Target Support Files/Pods-Jasy/Pods-Jasy-frameworks.sh",
				"${BUILT_PRODUCTS_DIR}/GoogleToolboxForMac/GoogleToolboxForMac.framework",
				"${BUILT_PRODUCTS_DIR}/NVActivityIndicatorView/NVActivityIndicatorView.framework",
				"${BUILT_PRODUCTS_DIR}/Protobuf/Protobuf.framework",
				"${BUILT_PRODUCTS_DIR}/R.swift.Library/Rswift.framework",
				"${BUILT_PRODUCTS_DIR}/SnapKit/SnapKit.framework",
				"${BUILT_PRODUCTS_DIR}/nanopb/nanopb.framework",
			);
			name = "[CP] Embed Pods Frameworks";
			outputPaths = (
				"${TARGET_BUILD_DIR}/${FRAMEWORKS_FOLDER_PATH}/GoogleToolboxForMac.framework",
				"${TARGET_BUILD_DIR}/${FRAMEWORKS_FOLDER_PATH}/NVActivityIndicatorView.framework",
				"${TARGET_BUILD_DIR}/${FRAMEWORKS_FOLDER_PATH}/Protobuf.framework",
				"${TARGET_BUILD_DIR}/${FRAMEWORKS_FOLDER_PATH}/Rswift.framework",
				"${TARGET_BUILD_DIR}/${FRAMEWORKS_FOLDER_PATH}/SnapKit.framework",
				"${TARGET_BUILD_DIR}/${FRAMEWORKS_FOLDER_PATH}/nanopb.framework",
			);
			runOnlyForDeploymentPostprocessing = 0;
			shellPath = /bin/sh;
			shellScript = "\"${SRCROOT}/Pods/Target Support Files/Pods-Jasy/Pods-Jasy-frameworks.sh\"\n";
			showEnvVarsInLog = 0;
		};
		18AE9A5DCEE4A2A7AA6E3D8C /* [CP] Copy Pods Resources */ = {
			isa = PBXShellScriptBuildPhase;
			buildActionMask = 2147483647;
			files = (
			);
			inputPaths = (
			);
			name = "[CP] Copy Pods Resources";
			outputPaths = (
			);
			runOnlyForDeploymentPostprocessing = 0;
			shellPath = /bin/sh;
			shellScript = "\"${SRCROOT}/Pods/Target Support Files/Pods-Jasy/Pods-Jasy-resources.sh\"\n";
			showEnvVarsInLog = 0;
		};
		74E77302B7E74E1A27902016 /* [CP] Check Pods Manifest.lock */ = {
			isa = PBXShellScriptBuildPhase;
			buildActionMask = 2147483647;
			files = (
			);
			inputPaths = (
				"${PODS_PODFILE_DIR_PATH}/Podfile.lock",
				"${PODS_ROOT}/Manifest.lock",
			);
			name = "[CP] Check Pods Manifest.lock";
			outputPaths = (
				"$(DERIVED_FILE_DIR)/Pods-Jasy-checkManifestLockResult.txt",
			);
			runOnlyForDeploymentPostprocessing = 0;
			shellPath = /bin/sh;
			shellScript = "diff \"${PODS_PODFILE_DIR_PATH}/Podfile.lock\" \"${PODS_ROOT}/Manifest.lock\" > /dev/null\nif [ $? != 0 ] ; then\n    # print error to STDERR\n    echo \"error: The sandbox is not in sync with the Podfile.lock. Run 'pod install' or update your CocoaPods installation.\" >&2\n    exit 1\nfi\n# This output is used by Xcode 'outputs' to avoid re-running this script phase.\necho \"SUCCESS\" > \"${SCRIPT_OUTPUT_FILE_0}\"\n";
			showEnvVarsInLog = 0;
		};
		CE6A8F5E20324A9D007827A0 /* ShellScript */ = {
			isa = PBXShellScriptBuildPhase;
			buildActionMask = 2147483647;
			files = (
			);
			inputPaths = (
			);
			outputPaths = (
			);
			runOnlyForDeploymentPostprocessing = 0;
			shellPath = /bin/sh;
			shellScript = "\"$PODS_ROOT/R.swift/rswift\" generate \"$SRCROOT\"";
		};
		E7DDC0472030D23600E378C2 /* ShellScript */ = {
			isa = PBXShellScriptBuildPhase;
			buildActionMask = 2147483647;
			files = (
			);
			inputPaths = (
			);
			outputPaths = (
			);
			runOnlyForDeploymentPostprocessing = 0;
			shellPath = /bin/sh;
			shellScript = "./Fabric.framework/run 67a64abf84246b79bf1088090ee7128187234f73 daea33522bbb44364890dead1cfe4fc2b3dccf3a2b768551f9ade1de611f3b3e\n";
		};
/* End PBXShellScriptBuildPhase section */

/* Begin PBXSourcesBuildPhase section */
		E709DDCE202931B200760D87 /* Sources */ = {
			isa = PBXSourcesBuildPhase;
			buildActionMask = 2147483647;
			files = (
				E709DDDE202931B200760D87 /* Jasy.xcdatamodeld in Sources */,
				E7938F77202F59EA00479224 /* NasaConvenience.swift in Sources */,
				E76ED131202A8C36000B65D9 /* Util.swift in Sources */,
				E703788F202D31FE00052916 /* PictureCollectionViewCell.swift in Sources */,
				E7DDC0432030C31A00E378C2 /* Apod+CoreDataClass.swift in Sources */,
				E7037893202D397C00052916 /* CustomLayout.swift in Sources */,
				E7DDC0462030CAD100E378C2 /* CoreDataStack.swift in Sources */,
				E7D1B8EB2031308E00ADBB0C /* ApodDetailViewController.swift in Sources */,
				E7F16826203264E500A9F54E /* R.generated.swift in Sources */,
				E709DDD6202931B200760D87 /* AppDelegate.swift in Sources */,
				E7DDC0442030C31A00E378C2 /* Apod+CoreDataProperties.swift in Sources */,
				E76ED12F202A8B2A000B65D9 /* Constants.swift in Sources */,
				CE17C325204A06FE00CDA9CD /* MonthYearPickerView.swift in Sources */,
				E7938F75202F56EF00479224 /* ApodModel.swift in Sources */,
				E7D1B8ED203138ED00ADBB0C /* CustomViewController.swift in Sources */,
				E7037891202D382D00052916 /* PicturesViewController.swift in Sources */,
				CE6A8F5D203248C9007827A0 /* InfoViewController.swift in Sources */,
				E7938F73202F4BA000479224 /* NasaHandler.swift in Sources */,
			);
			runOnlyForDeploymentPostprocessing = 0;
		};
/* End PBXSourcesBuildPhase section */

/* Begin PBXVariantGroup section */
		E709DDD9202931B200760D87 /* Main.storyboard */ = {
			isa = PBXVariantGroup;
			children = (
				E709DDDA202931B200760D87 /* Base */,
			);
			name = Main.storyboard;
			sourceTree = "<group>";
		};
		E709DDE1202931B200760D87 /* LaunchScreen.storyboard */ = {
			isa = PBXVariantGroup;
			children = (
				E709DDE2202931B200760D87 /* Base */,
			);
			name = LaunchScreen.storyboard;
			sourceTree = "<group>";
		};
/* End PBXVariantGroup section */

/* Begin XCBuildConfiguration section */
		E709DDE5202931B200760D87 /* Debug */ = {
			isa = XCBuildConfiguration;
			buildSettings = {
				ALWAYS_SEARCH_USER_PATHS = NO;
				CLANG_ANALYZER_NONNULL = YES;
				CLANG_ANALYZER_NUMBER_OBJECT_CONVERSION = YES_AGGRESSIVE;
				CLANG_CXX_LANGUAGE_STANDARD = "gnu++14";
				CLANG_CXX_LIBRARY = "libc++";
				CLANG_ENABLE_MODULES = YES;
				CLANG_ENABLE_OBJC_ARC = YES;
				CLANG_WARN_BLOCK_CAPTURE_AUTORELEASING = YES;
				CLANG_WARN_BOOL_CONVERSION = YES;
				CLANG_WARN_COMMA = YES;
				CLANG_WARN_CONSTANT_CONVERSION = YES;
				CLANG_WARN_DIRECT_OBJC_ISA_USAGE = YES_ERROR;
				CLANG_WARN_DOCUMENTATION_COMMENTS = YES;
				CLANG_WARN_EMPTY_BODY = YES;
				CLANG_WARN_ENUM_CONVERSION = YES;
				CLANG_WARN_INFINITE_RECURSION = YES;
				CLANG_WARN_INT_CONVERSION = YES;
				CLANG_WARN_NON_LITERAL_NULL_CONVERSION = YES;
				CLANG_WARN_OBJC_LITERAL_CONVERSION = YES;
				CLANG_WARN_OBJC_ROOT_CLASS = YES_ERROR;
				CLANG_WARN_RANGE_LOOP_ANALYSIS = YES;
				CLANG_WARN_STRICT_PROTOTYPES = YES;
				CLANG_WARN_SUSPICIOUS_MOVE = YES;
				CLANG_WARN_UNGUARDED_AVAILABILITY = YES_AGGRESSIVE;
				CLANG_WARN_UNREACHABLE_CODE = YES;
				CLANG_WARN__DUPLICATE_METHOD_MATCH = YES;
				CODE_SIGN_IDENTITY = "iPhone Developer";
				COPY_PHASE_STRIP = NO;
				DEBUG_INFORMATION_FORMAT = dwarf;
				ENABLE_STRICT_OBJC_MSGSEND = YES;
				ENABLE_TESTABILITY = YES;
				GCC_C_LANGUAGE_STANDARD = gnu11;
				GCC_DYNAMIC_NO_PIC = NO;
				GCC_NO_COMMON_BLOCKS = YES;
				GCC_OPTIMIZATION_LEVEL = 0;
				GCC_PREPROCESSOR_DEFINITIONS = (
					"DEBUG=1",
					"$(inherited)",
				);
				GCC_WARN_64_TO_32_BIT_CONVERSION = YES;
				GCC_WARN_ABOUT_RETURN_TYPE = YES_ERROR;
				GCC_WARN_UNDECLARED_SELECTOR = YES;
				GCC_WARN_UNINITIALIZED_AUTOS = YES_AGGRESSIVE;
				GCC_WARN_UNUSED_FUNCTION = YES;
				GCC_WARN_UNUSED_VARIABLE = YES;
				IPHONEOS_DEPLOYMENT_TARGET = 9.0;
				MTL_ENABLE_DEBUG_INFO = YES;
				ONLY_ACTIVE_ARCH = YES;
				SDKROOT = iphoneos;
				SWIFT_ACTIVE_COMPILATION_CONDITIONS = DEBUG;
				SWIFT_OPTIMIZATION_LEVEL = "-Onone";
			};
			name = Debug;
		};
		E709DDE6202931B200760D87 /* Release */ = {
			isa = XCBuildConfiguration;
			buildSettings = {
				ALWAYS_SEARCH_USER_PATHS = NO;
				CLANG_ANALYZER_NONNULL = YES;
				CLANG_ANALYZER_NUMBER_OBJECT_CONVERSION = YES_AGGRESSIVE;
				CLANG_CXX_LANGUAGE_STANDARD = "gnu++14";
				CLANG_CXX_LIBRARY = "libc++";
				CLANG_ENABLE_MODULES = YES;
				CLANG_ENABLE_OBJC_ARC = YES;
				CLANG_WARN_BLOCK_CAPTURE_AUTORELEASING = YES;
				CLANG_WARN_BOOL_CONVERSION = YES;
				CLANG_WARN_COMMA = YES;
				CLANG_WARN_CONSTANT_CONVERSION = YES;
				CLANG_WARN_DIRECT_OBJC_ISA_USAGE = YES_ERROR;
				CLANG_WARN_DOCUMENTATION_COMMENTS = YES;
				CLANG_WARN_EMPTY_BODY = YES;
				CLANG_WARN_ENUM_CONVERSION = YES;
				CLANG_WARN_INFINITE_RECURSION = YES;
				CLANG_WARN_INT_CONVERSION = YES;
				CLANG_WARN_NON_LITERAL_NULL_CONVERSION = YES;
				CLANG_WARN_OBJC_LITERAL_CONVERSION = YES;
				CLANG_WARN_OBJC_ROOT_CLASS = YES_ERROR;
				CLANG_WARN_RANGE_LOOP_ANALYSIS = YES;
				CLANG_WARN_STRICT_PROTOTYPES = YES;
				CLANG_WARN_SUSPICIOUS_MOVE = YES;
				CLANG_WARN_UNGUARDED_AVAILABILITY = YES_AGGRESSIVE;
				CLANG_WARN_UNREACHABLE_CODE = YES;
				CLANG_WARN__DUPLICATE_METHOD_MATCH = YES;
				CODE_SIGN_IDENTITY = "iPhone Developer";
				COPY_PHASE_STRIP = NO;
				DEBUG_INFORMATION_FORMAT = "dwarf-with-dsym";
				ENABLE_NS_ASSERTIONS = NO;
				ENABLE_STRICT_OBJC_MSGSEND = YES;
				GCC_C_LANGUAGE_STANDARD = gnu11;
				GCC_NO_COMMON_BLOCKS = YES;
				GCC_WARN_64_TO_32_BIT_CONVERSION = YES;
				GCC_WARN_ABOUT_RETURN_TYPE = YES_ERROR;
				GCC_WARN_UNDECLARED_SELECTOR = YES;
				GCC_WARN_UNINITIALIZED_AUTOS = YES_AGGRESSIVE;
				GCC_WARN_UNUSED_FUNCTION = YES;
				GCC_WARN_UNUSED_VARIABLE = YES;
				IPHONEOS_DEPLOYMENT_TARGET = 9.0;
				MTL_ENABLE_DEBUG_INFO = NO;
				SDKROOT = iphoneos;
				SWIFT_OPTIMIZATION_LEVEL = "-Owholemodule";
				VALIDATE_PRODUCT = YES;
			};
			name = Release;
		};
		E709DDE8202931B200760D87 /* Debug */ = {
			isa = XCBuildConfiguration;
			baseConfigurationReference = 7308C59CB360F361884B84EE /* Pods-Jasy.debug.xcconfig */;
			buildSettings = {
				ASSETCATALOG_COMPILER_APPICON_NAME = AppIcon;
				CODE_SIGN_IDENTITY = "iPhone Developer: Vladimir Espinola (322PY9777N)";
				"CODE_SIGN_IDENTITY[sdk=iphoneos*]" = "iPhone Developer";
				CODE_SIGN_STYLE = Manual;
				DEVELOPMENT_TEAM = LXE5SAW38H;
				INFOPLIST_FILE = Jasy/Info.plist;
				IPHONEOS_DEPLOYMENT_TARGET = 9.0;
				LD_RUNPATH_SEARCH_PATHS = "$(inherited) @executable_path/Frameworks";
				PRODUCT_BUNDLE_IDENTIFIER = com.vel.jasy;
				PRODUCT_NAME = "$(TARGET_NAME)";
				PROVISIONING_PROFILE = "0549f9a6-14b4-4380-ba42-4f89edeb72ec";
				PROVISIONING_PROFILE_SPECIFIER = "Jasy Development";
				SWIFT_VERSION = 4.0;
				TARGETED_DEVICE_FAMILY = 1;
			};
			name = Debug;
		};
		E709DDE9202931B200760D87 /* Release */ = {
			isa = XCBuildConfiguration;
			baseConfigurationReference = 58D089795A27074701D7D45B /* Pods-Jasy.release.xcconfig */;
			buildSettings = {
				ASSETCATALOG_COMPILER_APPICON_NAME = AppIcon;
				CODE_SIGN_IDENTITY = "iPhone Distribution";
				"CODE_SIGN_IDENTITY[sdk=iphoneos*]" = "iPhone Distribution: Vladimir Espinola (LXE5SAW38H)";
				CODE_SIGN_STYLE = Manual;
				DEVELOPMENT_TEAM = LXE5SAW38H;
				INFOPLIST_FILE = Jasy/Info.plist;
				IPHONEOS_DEPLOYMENT_TARGET = 9.0;
				LD_RUNPATH_SEARCH_PATHS = "$(inherited) @executable_path/Frameworks";
				PRODUCT_BUNDLE_IDENTIFIER = com.vel.jasy;
				PRODUCT_NAME = "$(TARGET_NAME)";
				PROVISIONING_PROFILE = "5269bb33-053d-49c9-97a0-8182ef0a1fda";
				PROVISIONING_PROFILE_SPECIFIER = "Jasy App Store";
				SWIFT_VERSION = 4.0;
				TARGETED_DEVICE_FAMILY = 1;
			};
			name = Release;
		};
/* End XCBuildConfiguration section */

/* Begin XCConfigurationList section */
		E709DDCD202931B200760D87 /* Build configuration list for PBXProject "Jasy" */ = {
			isa = XCConfigurationList;
			buildConfigurations = (
				E709DDE5202931B200760D87 /* Debug */,
				E709DDE6202931B200760D87 /* Release */,
			);
			defaultConfigurationIsVisible = 0;
			defaultConfigurationName = Release;
		};
		E709DDE7202931B200760D87 /* Build configuration list for PBXNativeTarget "Jasy" */ = {
			isa = XCConfigurationList;
			buildConfigurations = (
				E709DDE8202931B200760D87 /* Debug */,
				E709DDE9202931B200760D87 /* Release */,
			);
			defaultConfigurationIsVisible = 0;
			defaultConfigurationName = Release;
		};
/* End XCConfigurationList section */

/* Begin XCVersionGroup section */
		E709DDDC202931B200760D87 /* Jasy.xcdatamodeld */ = {
			isa = XCVersionGroup;
			children = (
				E709DDDD202931B200760D87 /* Jasy.xcdatamodel */,
			);
			currentVersion = E709DDDD202931B200760D87 /* Jasy.xcdatamodel */;
			path = Jasy.xcdatamodeld;
			sourceTree = "<group>";
			versionGroupType = wrapper.xcdatamodel;
		};
/* End XCVersionGroup section */
	};
	rootObject = E709DDCA202931B200760D87 /* Project object */;
}
